
Microsoft Visual Studio Solution File, Format Version 12.00
# Visual Studio Version 16
VisualStudioVersion = 16.0.30413.136
MinimumVisualStudioVersion = 10.0.40219.1
Project("{8BC9CEB8-8B4A-11D0-8D11-00A0C91BC942}") = "json_sem", "json_sem.vcxproj", "{CBFDC53E-CB7A-42F9-98DB-DA336F8C8479}"
EndProject
Global
	GlobalSection(SolutionConfigurationPlatforms) = preSolution
		Debug|x64 = Debug|x64
		Debug|x86 = Debug|x86
		Release|x64 = Release|x64
		Release|x86 = Release|x86
	EndGlobalSection
	GlobalSection(ProjectConfigurationPlatforms) = postSolution
		{CBFDC53E-CB7A-42F9-98DB-DA336F8C8479}.Debug|x64.ActiveCfg = Debug|x64
		{CBFDC53E-CB7A-42F9-98DB-DA336F8C8479}.Debug|x64.Build.0 = Debug|x64
		{CBFDC53E-CB7A-42F9-98DB-DA336F8C8479}.Debug|x86.ActiveCfg = Debug|Win32
		{CBFDC53E-CB7A-42F9-98DB-DA336F8C8479}.Debug|x86.Build.0 = Debug|Win32
		{CBFDC53E-CB7A-42F9-98DB-DA336F8C8479}.Release|x64.ActiveCfg = Release|x64
		{CBFDC53E-CB7A-42F9-98DB-DA336F8C8479}.Release|x64.Build.0 = Release|x64
		{CBFDC53E-CB7A-42F9-98DB-DA336F8C8479}.Release|x86.ActiveCfg = Release|Win32
		{CBFDC53E-CB7A-42F9-98DB-DA336F8C8479}.Release|x86.Build.0 = Release|Win32
	EndGlobalSection
	GlobalSection(SolutionProperties) = preSolution
		HideSolutionNode = FALSE
	EndGlobalSection
	GlobalSection(ExtensibilityGlobals) = postSolution
		SolutionGuid = {446FF958-8F73-49ED-BB09-2DFB1EFD8C4D}
	EndGlobalSection
EndGlobal
